
Microsoft Visual Studio Solution File, Format Version 12.00
# Visual Studio Version 17
VisualStudioVersion = 17.11.35327.3
MinimumVisualStudioVersion = 10.0.40219.1
Project("{9A19103F-16F7-4668-BE54-9A1E7A4F7556}") = "EntityTransformerApi", "EntityTransformerApi\EntityTransformerApi.csproj", "{8346292D-D10D-415E-AAEE-C222F40E4955}"
EndProject
Project("{9A19103F-16F7-4668-BE54-9A1E7A4F7556}") = "Models", "Models\Models.csproj", "{4DA90B83-AEAD-4B15-9F3C-8C2D52C42B6C}"
EndProject
Project("{2150E333-8FDC-42A3-9474-1A3956D46DE8}") = "Tests", "Tests", "{649372FB-7080-43C1-937C-1912A649D69F}"
EndProject
Project("{9A19103F-16F7-4668-BE54-9A1E7A4F7556}") = "Tests", "Tests\Tests.csproj", "{43AB5BFF-2CD5-4368-8F30-A19F76F7254F}"
EndProject
Global
	GlobalSection(SolutionConfigurationPlatforms) = preSolution
		Debug|Any CPU = Debug|Any CPU
		Release|Any CPU = Release|Any CPU
	EndGlobalSection
	GlobalSection(ProjectConfigurationPlatforms) = postSolution
		{8346292D-D10D-415E-AAEE-C222F40E4955}.Debug|Any CPU.ActiveCfg = Debug|Any CPU
		{8346292D-D10D-415E-AAEE-C222F40E4955}.Debug|Any CPU.Build.0 = Debug|Any CPU
		{8346292D-D10D-415E-AAEE-C222F40E4955}.Release|Any CPU.ActiveCfg = Release|Any CPU
		{8346292D-D10D-415E-AAEE-C222F40E4955}.Release|Any CPU.Build.0 = Release|Any CPU
		{E6EA9913-B6E9-4EB4-BA63-1A76C990AD27}.Debug|Any CPU.ActiveCfg = Debug|Any CPU
		{E6EA9913-B6E9-4EB4-BA63-1A76C990AD27}.Debug|Any CPU.Build.0 = Debug|Any CPU
		{E6EA9913-B6E9-4EB4-BA63-1A76C990AD27}.Release|Any CPU.ActiveCfg = Release|Any CPU
		{E6EA9913-B6E9-4EB4-BA63-1A76C990AD27}.Release|Any CPU.Build.0 = Release|Any CPU
		{C392409C-8419-4973-83FE-A43FC46271F6}.Debug|Any CPU.ActiveCfg = Debug|Any CPU
		{C392409C-8419-4973-83FE-A43FC46271F6}.Debug|Any CPU.Build.0 = Debug|Any CPU
		{C392409C-8419-4973-83FE-A43FC46271F6}.Release|Any CPU.ActiveCfg = Release|Any CPU
		{C392409C-8419-4973-83FE-A43FC46271F6}.Release|Any CPU.Build.0 = Release|Any CPU
		{4DA90B83-AEAD-4B15-9F3C-8C2D52C42B6C}.Debug|Any CPU.ActiveCfg = Debug|Any CPU
		{4DA90B83-AEAD-4B15-9F3C-8C2D52C42B6C}.Debug|Any CPU.Build.0 = Debug|Any CPU
		{4DA90B83-AEAD-4B15-9F3C-8C2D52C42B6C}.Release|Any CPU.ActiveCfg = Release|Any CPU
		{4DA90B83-AEAD-4B15-9F3C-8C2D52C42B6C}.Release|Any CPU.Build.0 = Release|Any CPU
		{43AB5BFF-2CD5-4368-8F30-A19F76F7254F}.Debug|Any CPU.ActiveCfg = Debug|Any CPU
		{43AB5BFF-2CD5-4368-8F30-A19F76F7254F}.Debug|Any CPU.Build.0 = Debug|Any CPU
		{43AB5BFF-2CD5-4368-8F30-A19F76F7254F}.Release|Any CPU.ActiveCfg = Release|Any CPU
		{43AB5BFF-2CD5-4368-8F30-A19F76F7254F}.Release|Any CPU.Build.0 = Release|Any CPU
	EndGlobalSection
	GlobalSection(SolutionProperties) = preSolution
		HideSolutionNode = FALSE
	EndGlobalSection
	GlobalSection(NestedProjects) = preSolution
		{43AB5BFF-2CD5-4368-8F30-A19F76F7254F} = {649372FB-7080-43C1-937C-1912A649D69F}
	EndGlobalSection
	GlobalSection(ExtensibilityGlobals) = postSolution
		SolutionGuid = {40370D3C-ABBB-4411-AA06-4A62297CF66D}
	EndGlobalSection
EndGlobal
